
Microsoft Visual Studio Solution File, Format Version 12.00
# Visual Studio Version 16
VisualStudioVersion = 16.0.30621.155
MinimumVisualStudioVersion = 10.0.40219.1
Project("{FAE04EC0-301F-11D3-BF4B-00C04F79EFBC}") = "SignalR.Couchbase", "src\SignalR.Couchbase\SignalR.Couchbase.csproj", "{2300579D-B4AC-497D-B3B9-FFFD53B8DDD1}"
EndProject
Project("{FAE04EC0-301F-11D3-BF4B-00C04F79EFBC}") = "SignalR.Couchbase.Tests", "tests\SignalR.Couchbase.Tests\SignalR.Couchbase.Tests.csproj", "{CFBE034B-4771-4A70-966F-3E38314D1FA5}"
EndProject
Project("{FAE04EC0-301F-11D3-BF4B-00C04F79EFBC}") = "CouchbaseSignalRChat", "Sample\CouchbaseSignalRChat\CouchbaseSignalRChat.csproj", "{2E35CB9D-ADD4-4E2F-964C-4449E6A08CB0}"
EndProject
Global
	GlobalSection(SolutionConfigurationPlatforms) = preSolution
		Debug|Any CPU = Debug|Any CPU
		Release|Any CPU = Release|Any CPU
	EndGlobalSection
	GlobalSection(ProjectConfigurationPlatforms) = postSolution
		{2300579D-B4AC-497D-B3B9-FFFD53B8DDD1}.Debug|Any CPU.ActiveCfg = Debug|Any CPU
		{2300579D-B4AC-497D-B3B9-FFFD53B8DDD1}.Debug|Any CPU.Build.0 = Debug|Any CPU
		{2300579D-B4AC-497D-B3B9-FFFD53B8DDD1}.Release|Any CPU.ActiveCfg = Release|Any CPU
		{2300579D-B4AC-497D-B3B9-FFFD53B8DDD1}.Release|Any CPU.Build.0 = Release|Any CPU
		{CFBE034B-4771-4A70-966F-3E38314D1FA5}.Debug|Any CPU.ActiveCfg = Debug|Any CPU
		{CFBE034B-4771-4A70-966F-3E38314D1FA5}.Debug|Any CPU.Build.0 = Debug|Any CPU
		{CFBE034B-4771-4A70-966F-3E38314D1FA5}.Release|Any CPU.ActiveCfg = Release|Any CPU
		{CFBE034B-4771-4A70-966F-3E38314D1FA5}.Release|Any CPU.Build.0 = Release|Any CPU
		{2E35CB9D-ADD4-4E2F-964C-4449E6A08CB0}.Debug|Any CPU.ActiveCfg = Debug|Any CPU
		{2E35CB9D-ADD4-4E2F-964C-4449E6A08CB0}.Debug|Any CPU.Build.0 = Debug|Any CPU
		{2E35CB9D-ADD4-4E2F-964C-4449E6A08CB0}.Release|Any CPU.ActiveCfg = Release|Any CPU
		{2E35CB9D-ADD4-4E2F-964C-4449E6A08CB0}.Release|Any CPU.Build.0 = Release|Any CPU
	EndGlobalSection
	GlobalSection(SolutionProperties) = preSolution
		HideSolutionNode = FALSE
	EndGlobalSection
	GlobalSection(ExtensibilityGlobals) = postSolution
		SolutionGuid = {5595D212-EE5C-4BBC-BB33-D4464E1A31BB}
	EndGlobalSection
EndGlobal
